
Microsoft Visual Studio Solution File, Format Version 12.00
# Visual Studio Version 17
VisualStudioVersion = 17.11.35312.102
MinimumVisualStudioVersion = 10.0.40219.1
Project("{FAE04EC0-301F-11D3-BF4B-00C04F79EFBC}") = "Low", "문자열\Low.csproj", "{80E07FE1-9DAD-4E34-92CC-384FBFDD56D0}"
EndProject
Project("{FAE04EC0-301F-11D3-BF4B-00C04F79EFBC}") = "high", "high\high.csproj", "{A3A6996C-21C2-4E78-A9ED-3CA1B8252E93}"
EndProject
Project("{FAE04EC0-301F-11D3-BF4B-00C04F79EFBC}") = "Medium", "Medium\Medium.csproj", "{013471B0-A716-48DB-90D1-3B9DCA063291}"
EndProject
Global
	GlobalSection(SolutionConfigurationPlatforms) = preSolution
		Debug|Any CPU = Debug|Any CPU
		Release|Any CPU = Release|Any CPU
	EndGlobalSection
	GlobalSection(ProjectConfigurationPlatforms) = postSolution
		{80E07FE1-9DAD-4E34-92CC-384FBFDD56D0}.Debug|Any CPU.ActiveCfg = Debug|Any CPU
		{80E07FE1-9DAD-4E34-92CC-384FBFDD56D0}.Debug|Any CPU.Build.0 = Debug|Any CPU
		{80E07FE1-9DAD-4E34-92CC-384FBFDD56D0}.Release|Any CPU.ActiveCfg = Release|Any CPU
		{80E07FE1-9DAD-4E34-92CC-384FBFDD56D0}.Release|Any CPU.Build.0 = Release|Any CPU
		{A3A6996C-21C2-4E78-A9ED-3CA1B8252E93}.Debug|Any CPU.ActiveCfg = Debug|Any CPU
		{A3A6996C-21C2-4E78-A9ED-3CA1B8252E93}.Debug|Any CPU.Build.0 = Debug|Any CPU
		{A3A6996C-21C2-4E78-A9ED-3CA1B8252E93}.Release|Any CPU.ActiveCfg = Release|Any CPU
		{A3A6996C-21C2-4E78-A9ED-3CA1B8252E93}.Release|Any CPU.Build.0 = Release|Any CPU
		{013471B0-A716-48DB-90D1-3B9DCA063291}.Debug|Any CPU.ActiveCfg = Debug|Any CPU
		{013471B0-A716-48DB-90D1-3B9DCA063291}.Debug|Any CPU.Build.0 = Debug|Any CPU
		{013471B0-A716-48DB-90D1-3B9DCA063291}.Release|Any CPU.ActiveCfg = Release|Any CPU
		{013471B0-A716-48DB-90D1-3B9DCA063291}.Release|Any CPU.Build.0 = Release|Any CPU
	EndGlobalSection
	GlobalSection(SolutionProperties) = preSolution
		HideSolutionNode = FALSE
	EndGlobalSection
	GlobalSection(ExtensibilityGlobals) = postSolution
		SolutionGuid = {76CD5972-8832-495A-A624-AF78F8BC0358}
	EndGlobalSection
EndGlobal
